
Microsoft Visual Studio Solution File, Format Version 12.00
# Visual Studio Version 16
VisualStudioVersion = 16.0.29503.13
MinimumVisualStudioVersion = 10.0.40219.1
Project("{FAE04EC0-301F-11D3-BF4B-00C04F79EFBC}") = "Korpa2019", "Korpa2019\Korpa2019.csproj", "{ABC5BD35-9FB7-4ECC-9AB4-7505E12BB9BE}"
EndProject
Global
	GlobalSection(SolutionConfigurationPlatforms) = preSolution
		Debug|Any CPU = Debug|Any CPU
		Release|Any CPU = Release|Any CPU
	EndGlobalSection
	GlobalSection(ProjectConfigurationPlatforms) = postSolution
		{ABC5BD35-9FB7-4ECC-9AB4-7505E12BB9BE}.Debug|Any CPU.ActiveCfg = Debug|Any CPU
		{ABC5BD35-9FB7-4ECC-9AB4-7505E12BB9BE}.Debug|Any CPU.Build.0 = Debug|Any CPU
		{ABC5BD35-9FB7-4ECC-9AB4-7505E12BB9BE}.Release|Any CPU.ActiveCfg = Release|Any CPU
		{ABC5BD35-9FB7-4ECC-9AB4-7505E12BB9BE}.Release|Any CPU.Build.0 = Release|Any CPU
	EndGlobalSection
	GlobalSection(SolutionProperties) = preSolution
		HideSolutionNode = FALSE
	EndGlobalSection
	GlobalSection(ExtensibilityGlobals) = postSolution
		SolutionGuid = {276F0FDD-519F-4BE4-AFA4-6493A500B8CD}
	EndGlobalSection
EndGlobal
